// !$*UTF8*$!
{
	archiveVersion = 1;
	classes = {
	};
	objectVersion = 48;
	objects = {

/* Begin PBXBuildFile section */
		4F156D4820AB018D002C2287 /* AppDelegate.swift in Sources */ = {isa = PBXBuildFile; fileRef = 4F156D4020AB018D002C2287 /* AppDelegate.swift */; };
		4F156D4920AB018D002C2287 /* Assets.xcassets in Resources */ = {isa = PBXBuildFile; fileRef = 4F156D4120AB018D002C2287 /* Assets.xcassets */; };
		4F156D4A20AB018D002C2287 /* LaunchScreen.storyboard in Resources */ = {isa = PBXBuildFile; fileRef = 4F156D4220AB018D002C2287 /* LaunchScreen.storyboard */; };
		4F156D4B20AB018D002C2287 /* Main.storyboard in Resources */ = {isa = PBXBuildFile; fileRef = 4F156D4420AB018D002C2287 /* Main.storyboard */; };
		4F156D4D20AB018D002C2287 /* ViewController.swift in Sources */ = {isa = PBXBuildFile; fileRef = 4F156D4720AB018D002C2287 /* ViewController.swift */; };
		4F156D5220AB039D002C2287 /* KMulti.framework in Frameworks */ = {isa = PBXBuildFile; fileRef = 4F156D5020AB0398002C2287 /* KMulti.framework */; };
		4F156D5320AB039D002C2287 /* KMulti.framework in Embed Frameworks */ = {isa = PBXBuildFile; fileRef = 4F156D5020AB0398002C2287 /* KMulti.framework */; settings = {ATTRIBUTES = (CodeSignOnCopy, RemoveHeadersOnCopy, ); }; };
		8E85771C81809176B9A8BE19 /* Pods_multi.framework in Frameworks */ = {isa = PBXBuildFile; fileRef = 57B542767C386834F310A2C7 /* Pods_multi.framework */; };
/* End PBXBuildFile section */

/* Begin PBXCopyFilesBuildPhase section */
		4F156D5420AB039D002C2287 /* Embed Frameworks */ = {
			isa = PBXCopyFilesBuildPhase;
			buildActionMask = 2147483647;
			dstPath = "";
			dstSubfolderSpec = 10;
			files = (
				4F156D5320AB039D002C2287 /* KMulti.framework in Embed Frameworks */,
			);
			name = "Embed Frameworks";
			runOnlyForDeploymentPostprocessing = 0;
		};
/* End PBXCopyFilesBuildPhase section */

/* Begin PBXFileReference section */
		4F156D4020AB018D002C2287 /* AppDelegate.swift */ = {isa = PBXFileReference; fileEncoding = 4; lastKnownFileType = sourcecode.swift; path = AppDelegate.swift; sourceTree = "<group>"; };
		4F156D4120AB018D002C2287 /* Assets.xcassets */ = {isa = PBXFileReference; lastKnownFileType = folder.assetcatalog; path = Assets.xcassets; sourceTree = "<group>"; };
		4F156D4320AB018D002C2287 /* Base */ = {isa = PBXFileReference; lastKnownFileType = file.storyboard; name = Base; path = Base.lproj/LaunchScreen.storyboard; sourceTree = "<group>"; };
		4F156D4520AB018D002C2287 /* Base */ = {isa = PBXFileReference; lastKnownFileType = file.storyboard; name = Base; path = Base.lproj/Main.storyboard; sourceTree = "<group>"; };
		4F156D4720AB018D002C2287 /* ViewController.swift */ = {isa = PBXFileReference; fileEncoding = 4; lastKnownFileType = sourcecode.swift; path = ViewController.swift; sourceTree = "<group>"; };
		4F156D5020AB0398002C2287 /* KMulti.framework */ = {isa = PBXFileReference; lastKnownFileType = wrapper.framework; name = KMulti.framework; path = "../platform-ios/build/konan/bin/ios_x64/KMulti.framework"; sourceTree = "<group>"; };
		57B542767C386834F310A2C7 /* Pods_multi.framework */ = {isa = PBXFileReference; explicitFileType = wrapper.framework; includeInIndex = 0; path = Pods_multi.framework; sourceTree = BUILT_PRODUCTS_DIR; };
		67D770B7204EDA86001D7F59 /* multi.app */ = {isa = PBXFileReference; explicitFileType = wrapper.application; includeInIndex = 0; path = multi.app; sourceTree = BUILT_PRODUCTS_DIR; };
		701C99444D3E19CDD0A54B6F /* Pods-multi.debug.xcconfig */ = {isa = PBXFileReference; includeInIndex = 1; lastKnownFileType = text.xcconfig; name = "Pods-multi.debug.xcconfig"; path = "Pods/Target Support Files/Pods-multi/Pods-multi.debug.xcconfig"; sourceTree = "<group>"; };
		C84B1024E78EBF449E931708 /* Pods-multi.release.xcconfig */ = {isa = PBXFileReference; includeInIndex = 1; lastKnownFileType = text.xcconfig; name = "Pods-multi.release.xcconfig"; path = "Pods/Target Support Files/Pods-multi/Pods-multi.release.xcconfig"; sourceTree = "<group>"; };
/* End PBXFileReference section */

/* Begin PBXFrameworksBuildPhase section */
		67D770AA204EDA86001D7F59 /* Frameworks */ = {
			isa = PBXFrameworksBuildPhase;
			buildActionMask = 2147483647;
			files = (
				4F156D5220AB039D002C2287 /* KMulti.framework in Frameworks */,
				8E85771C81809176B9A8BE19 /* Pods_multi.framework in Frameworks */,
			);
			runOnlyForDeploymentPostprocessing = 0;
		};
/* End PBXFrameworksBuildPhase section */

/* Begin PBXGroup section */
		4F156D3F20AB018D002C2287 /* multiplatform */ = {
			isa = PBXGroup;
			children = (
				4F156D4020AB018D002C2287 /* AppDelegate.swift */,
				4F156D4720AB018D002C2287 /* ViewController.swift */,
				4F156D4120AB018D002C2287 /* Assets.xcassets */,
				4F156D4220AB018D002C2287 /* LaunchScreen.storyboard */,
				4F156D4420AB018D002C2287 /* Main.storyboard */,
			);
			path = multiplatform;
			sourceTree = "<group>";
		};
		671218F82039E61100949A2A = {
			isa = PBXGroup;
			children = (
				4F156D3F20AB018D002C2287 /* multiplatform */,
				671219022039E61100949A2A /* Products */,
				C4C6E0591946093831FCB272 /* Pods */,
				F8A62D7F4BE9793FEEA0B09F /* Frameworks */,
			);
			sourceTree = "<group>";
		};
		671219022039E61100949A2A /* Products */ = {
			isa = PBXGroup;
			children = (
				67D770B7204EDA86001D7F59 /* multi.app */,
			);
			name = Products;
			sourceTree = "<group>";
		};
		C4C6E0591946093831FCB272 /* Pods */ = {
			isa = PBXGroup;
			children = (
				701C99444D3E19CDD0A54B6F /* Pods-multi.debug.xcconfig */,
				C84B1024E78EBF449E931708 /* Pods-multi.release.xcconfig */,
			);
			name = Pods;
			sourceTree = "<group>";
		};
		F8A62D7F4BE9793FEEA0B09F /* Frameworks */ = {
			isa = PBXGroup;
			children = (
				4F156D5020AB0398002C2287 /* KMulti.framework */,
				57B542767C386834F310A2C7 /* Pods_multi.framework */,
			);
			name = Frameworks;
			sourceTree = "<group>";
		};
/* End PBXGroup section */

/* Begin PBXNativeTarget section */
		67D770A6204EDA86001D7F59 /* multi */ = {
			isa = PBXNativeTarget;
			buildConfigurationList = 67D770B4204EDA86001D7F59 /* Build configuration list for PBXNativeTarget "multi" */;
			buildPhases = (
				E47F8265ECF7C78ED709A881 /* [CP] Check Pods Manifest.lock */,
				67D770A7204EDA86001D7F59 /* Sources */,
				67D770AA204EDA86001D7F59 /* Frameworks */,
				67D770AD204EDA86001D7F59 /* Resources */,
				EB74E7FE1AEA6756D93B7B31 /* [CP] Embed Pods Frameworks */,
				2B503E60DB165C89242DC1D2 /* [CP] Copy Pods Resources */,
				4F156D5420AB039D002C2287 /* Embed Frameworks */,
			);
			buildRules = (
			);
			dependencies = (
			);
			name = multi;
			productName = mobius;
			productReference = 67D770B7204EDA86001D7F59 /* multi.app */;
			productType = "com.apple.product-type.application";
		};
/* End PBXNativeTarget section */

/* Begin PBXProject section */
		671218F92039E61100949A2A /* Project object */ = {
			isa = PBXProject;
			attributes = {
				LastSwiftUpdateCheck = 0920;
				LastUpgradeCheck = 0930;
				ORGANIZATIONNAME = Revolut;
				TargetAttributes = {
					67D770A6204EDA86001D7F59 = {
						ProvisioningStyle = Automatic;
					};
				};
			};
			buildConfigurationList = 671218FC2039E61100949A2A /* Build configuration list for PBXProject "Test App" */;
			compatibilityVersion = "Xcode 8.0";
			developmentRegion = en;
			hasScannedForEncodings = 0;
			knownRegions = (
				en,
				Base,
			);
			mainGroup = 671218F82039E61100949A2A;
			productRefGroup = 671219022039E61100949A2A /* Products */;
			projectDirPath = "";
			projectRoot = "";
			targets = (
				67D770A6204EDA86001D7F59 /* multi */,
			);
		};
/* End PBXProject section */

/* Begin PBXResourcesBuildPhase section */
		67D770AD204EDA86001D7F59 /* Resources */ = {
			isa = PBXResourcesBuildPhase;
			buildActionMask = 2147483647;
			files = (
				4F156D4B20AB018D002C2287 /* Main.storyboard in Resources */,
				4F156D4920AB018D002C2287 /* Assets.xcassets in Resources */,
				4F156D4A20AB018D002C2287 /* LaunchScreen.storyboard in Resources */,
			);
			runOnlyForDeploymentPostprocessing = 0;
		};
/* End PBXResourcesBuildPhase section */

/* Begin PBXShellScriptBuildPhase section */
		2B503E60DB165C89242DC1D2 /* [CP] Copy Pods Resources */ = {
			isa = PBXShellScriptBuildPhase;
			buildActionMask = 2147483647;
			files = (
			);
			inputPaths = (
			);
			name = "[CP] Copy Pods Resources";
			outputPaths = (
			);
			runOnlyForDeploymentPostprocessing = 0;
			shellPath = /bin/sh;
			shellScript = "\"${SRCROOT}/Pods/Target Support Files/Pods-multi/Pods-multi-resources.sh\"\n";
			showEnvVarsInLog = 0;
		};
		E47F8265ECF7C78ED709A881 /* [CP] Check Pods Manifest.lock */ = {
			isa = PBXShellScriptBuildPhase;
			buildActionMask = 2147483647;
			files = (
			);
			inputPaths = (
				"${PODS_PODFILE_DIR_PATH}/Podfile.lock",
				"${PODS_ROOT}/Manifest.lock",
			);
			name = "[CP] Check Pods Manifest.lock";
			outputPaths = (
				"$(DERIVED_FILE_DIR)/Pods-multi-checkManifestLockResult.txt",
			);
			runOnlyForDeploymentPostprocessing = 0;
			shellPath = /bin/sh;
			shellScript = "diff \"${PODS_PODFILE_DIR_PATH}/Podfile.lock\" \"${PODS_ROOT}/Manifest.lock\" > /dev/null\nif [ $? != 0 ] ; then\n    # print error to STDERR\n    echo \"error: The sandbox is not in sync with the Podfile.lock. Run 'pod install' or update your CocoaPods installation.\" >&2\n    exit 1\nfi\n# This output is used by Xcode 'outputs' to avoid re-running this script phase.\necho \"SUCCESS\" > \"${SCRIPT_OUTPUT_FILE_0}\"\n";
			showEnvVarsInLog = 0;
		};
		EB74E7FE1AEA6756D93B7B31 /* [CP] Embed Pods Frameworks */ = {
			isa = PBXShellScriptBuildPhase;
			buildActionMask = 2147483647;
			files = (
			);
			inputPaths = (
				"${SRCROOT}/Pods/Target Support Files/Pods-mobius/Pods-mobius-frameworks.sh",
				"${BUILT_PRODUCTS_DIR}/Alamofire/Alamofire.framework",
				"${BUILT_PRODUCTS_DIR}/EasyDi/EasyDi.framework",
				"${BUILT_PRODUCTS_DIR}/SwiftyJSON/SwiftyJSON.framework",
			);
			name = "[CP] Embed Pods Frameworks";
			outputPaths = (
				"${TARGET_BUILD_DIR}/${FRAMEWORKS_FOLDER_PATH}/Alamofire.framework",
				"${TARGET_BUILD_DIR}/${FRAMEWORKS_FOLDER_PATH}/EasyDi.framework",
				"${TARGET_BUILD_DIR}/${FRAMEWORKS_FOLDER_PATH}/SwiftyJSON.framework",
			);
			runOnlyForDeploymentPostprocessing = 0;
			shellPath = /bin/sh;
			shellScript = "\"${SRCROOT}/Pods/Target Support Files/Pods-multi/Pods-multi-frameworks.sh\"\n";
			showEnvVarsInLog = 0;
		};
/* End PBXShellScriptBuildPhase section */

/* Begin PBXSourcesBuildPhase section */
		67D770A7204EDA86001D7F59 /* Sources */ = {
			isa = PBXSourcesBuildPhase;
			buildActionMask = 2147483647;
			files = (
				4F156D4D20AB018D002C2287 /* ViewController.swift in Sources */,
				4F156D4820AB018D002C2287 /* AppDelegate.swift in Sources */,
			);
			runOnlyForDeploymentPostprocessing = 0;
		};
/* End PBXSourcesBuildPhase section */

/* Begin PBXVariantGroup section */
		4F156D4220AB018D002C2287 /* LaunchScreen.storyboard */ = {
			isa = PBXVariantGroup;
			children = (
				4F156D4320AB018D002C2287 /* Base */,
			);
			name = LaunchScreen.storyboard;
			sourceTree = "<group>";
		};
		4F156D4420AB018D002C2287 /* Main.storyboard */ = {
			isa = PBXVariantGroup;
			children = (
				4F156D4520AB018D002C2287 /* Base */,
			);
			name = Main.storyboard;
			sourceTree = "<group>";
		};
/* End PBXVariantGroup section */

/* Begin XCBuildConfiguration section */
		671219112039E61100949A2A /* Debug */ = {
			isa = XCBuildConfiguration;
			buildSettings = {
				ALWAYS_SEARCH_USER_PATHS = NO;
				CLANG_ANALYZER_NONNULL = YES;
				CLANG_ANALYZER_NUMBER_OBJECT_CONVERSION = YES_AGGRESSIVE;
				CLANG_CXX_LANGUAGE_STANDARD = "gnu++14";
				CLANG_CXX_LIBRARY = "libc++";
				CLANG_ENABLE_MODULES = YES;
				CLANG_ENABLE_OBJC_ARC = YES;
				CLANG_WARN_BLOCK_CAPTURE_AUTORELEASING = YES;
				CLANG_WARN_BOOL_CONVERSION = YES;
				CLANG_WARN_COMMA = YES;
				CLANG_WARN_CONSTANT_CONVERSION = YES;
				CLANG_WARN_DIRECT_OBJC_ISA_USAGE = YES_ERROR;
				CLANG_WARN_DOCUMENTATION_COMMENTS = YES;
				CLANG_WARN_EMPTY_BODY = YES;
				CLANG_WARN_ENUM_CONVERSION = YES;
				CLANG_WARN_INFINITE_RECURSION = YES;
				CLANG_WARN_INT_CONVERSION = YES;
				CLANG_WARN_NON_LITERAL_NULL_CONVERSION = YES;
				CLANG_WARN_OBJC_LITERAL_CONVERSION = YES;
				CLANG_WARN_OBJC_ROOT_CLASS = YES_ERROR;
				CLANG_WARN_RANGE_LOOP_ANALYSIS = YES;
				CLANG_WARN_STRICT_PROTOTYPES = YES;
				CLANG_WARN_SUSPICIOUS_MOVE = YES;
				CLANG_WARN_UNGUARDED_AVAILABILITY = YES_AGGRESSIVE;
				CLANG_WARN_UNREACHABLE_CODE = YES;
				CLANG_WARN__DUPLICATE_METHOD_MATCH = YES;
				CODE_SIGN_IDENTITY = "iPhone Developer";
				COPY_PHASE_STRIP = NO;
				DEBUG_INFORMATION_FORMAT = dwarf;
				ENABLE_STRICT_OBJC_MSGSEND = YES;
				ENABLE_TESTABILITY = YES;
				GCC_C_LANGUAGE_STANDARD = gnu11;
				GCC_DYNAMIC_NO_PIC = NO;
				GCC_NO_COMMON_BLOCKS = YES;
				GCC_OPTIMIZATION_LEVEL = 0;
				GCC_PREPROCESSOR_DEFINITIONS = (
					"DEBUG=1",
					"$(inherited)",
				);
				GCC_WARN_64_TO_32_BIT_CONVERSION = YES;
				GCC_WARN_ABOUT_RETURN_TYPE = YES_ERROR;
				GCC_WARN_UNDECLARED_SELECTOR = YES;
				GCC_WARN_UNINITIALIZED_AUTOS = YES_AGGRESSIVE;
				GCC_WARN_UNUSED_FUNCTION = YES;
				GCC_WARN_UNUSED_VARIABLE = YES;
				IPHONEOS_DEPLOYMENT_TARGET = 11.2;
				MTL_ENABLE_DEBUG_INFO = YES;
				ONLY_ACTIVE_ARCH = YES;
				SDKROOT = iphoneos;
				SWIFT_ACTIVE_COMPILATION_CONDITIONS = DEBUG;
				SWIFT_OPTIMIZATION_LEVEL = "-Onone";
			};
			name = Debug;
		};
		671219122039E61100949A2A /* Release */ = {
			isa = XCBuildConfiguration;
			buildSettings = {
				ALWAYS_SEARCH_USER_PATHS = NO;
				CLANG_ANALYZER_NONNULL = YES;
				CLANG_ANALYZER_NUMBER_OBJECT_CONVERSION = YES_AGGRESSIVE;
				CLANG_CXX_LANGUAGE_STANDARD = "gnu++14";
				CLANG_CXX_LIBRARY = "libc++";
				CLANG_ENABLE_MODULES = YES;
				CLANG_ENABLE_OBJC_ARC = YES;
				CLANG_WARN_BLOCK_CAPTURE_AUTORELEASING = YES;
				CLANG_WARN_BOOL_CONVERSION = YES;
				CLANG_WARN_COMMA = YES;
				CLANG_WARN_CONSTANT_CONVERSION = YES;
				CLANG_WARN_DIRECT_OBJC_ISA_USAGE = YES_ERROR;
				CLANG_WARN_DOCUMENTATION_COMMENTS = YES;
				CLANG_WARN_EMPTY_BODY = YES;
				CLANG_WARN_ENUM_CONVERSION = YES;
				CLANG_WARN_INFINITE_RECURSION = YES;
				CLANG_WARN_INT_CONVERSION = YES;
				CLANG_WARN_NON_LITERAL_NULL_CONVERSION = YES;
				CLANG_WARN_OBJC_LITERAL_CONVERSION = YES;
				CLANG_WARN_OBJC_ROOT_CLASS = YES_ERROR;
				CLANG_WARN_RANGE_LOOP_ANALYSIS = YES;
				CLANG_WARN_STRICT_PROTOTYPES = YES;
				CLANG_WARN_SUSPICIOUS_MOVE = YES;
				CLANG_WARN_UNGUARDED_AVAILABILITY = YES_AGGRESSIVE;
				CLANG_WARN_UNREACHABLE_CODE = YES;
				CLANG_WARN__DUPLICATE_METHOD_MATCH = YES;
				CODE_SIGN_IDENTITY = "iPhone Developer";
				COPY_PHASE_STRIP = NO;
				DEBUG_INFORMATION_FORMAT = "dwarf-with-dsym";
				ENABLE_NS_ASSERTIONS = NO;
				ENABLE_STRICT_OBJC_MSGSEND = YES;
				GCC_C_LANGUAGE_STANDARD = gnu11;
				GCC_NO_COMMON_BLOCKS = YES;
				GCC_WARN_64_TO_32_BIT_CONVERSION = YES;
				GCC_WARN_ABOUT_RETURN_TYPE = YES_ERROR;
				GCC_WARN_UNDECLARED_SELECTOR = YES;
				GCC_WARN_UNINITIALIZED_AUTOS = YES_AGGRESSIVE;
				GCC_WARN_UNUSED_FUNCTION = YES;
				GCC_WARN_UNUSED_VARIABLE = YES;
				IPHONEOS_DEPLOYMENT_TARGET = 11.2;
				MTL_ENABLE_DEBUG_INFO = NO;
				SDKROOT = iphoneos;
				SWIFT_OPTIMIZATION_LEVEL = "-Owholemodule";
				VALIDATE_PRODUCT = YES;
			};
			name = Release;
		};
		67D770B5204EDA86001D7F59 /* Debug */ = {
			isa = XCBuildConfiguration;
			baseConfigurationReference = 701C99444D3E19CDD0A54B6F /* Pods-multi.debug.xcconfig */;
			buildSettings = {
				ASSETCATALOG_COMPILER_APPICON_NAME = AppIcon;
				CODE_SIGN_STYLE = Automatic;
				DEVELOPMENT_TEAM = 9RQRQSKXB8;
				ENABLE_BITCODE = NO;
				FRAMEWORK_SEARCH_PATHS = (
					"$(PROJECT_DIR)/../platform-ios/build/konan/bin/ios_x64",
					"$(inherited)",
				);
				INFOPLIST_FILE = Info.plist;
				LD_RUNPATH_SEARCH_PATHS = "$(inherited) @executable_path/Frameworks";
				PRODUCT_BUNDLE_IDENTIFIER = com.multiplatform;
				PRODUCT_NAME = "$(TARGET_NAME)";
				SWIFT_VERSION = 4.0;
				TARGETED_DEVICE_FAMILY = "1,2";
			};
			name = Debug;
		};
		67D770B6204EDA86001D7F59 /* Release */ = {
			isa = XCBuildConfiguration;
			baseConfigurationReference = C84B1024E78EBF449E931708 /* Pods-multi.release.xcconfig */;
			buildSettings = {
				ASSETCATALOG_COMPILER_APPICON_NAME = AppIcon;
				CODE_SIGN_STYLE = Automatic;
				DEVELOPMENT_TEAM = 9RQRQSKXB8;
				ENABLE_BITCODE = NO;
				FRAMEWORK_SEARCH_PATHS = (
					"$(PROJECT_DIR)/../platform-ios/build/konan/bin/ios_x64",
					"$(inherited)",
				);
				INFOPLIST_FILE = Info.plist;
				LD_RUNPATH_SEARCH_PATHS = "$(inherited) @executable_path/Frameworks";
				PRODUCT_BUNDLE_IDENTIFIER = com.multiplatform;
				PRODUCT_NAME = "$(TARGET_NAME)";
				SWIFT_VERSION = 4.0;
				TARGETED_DEVICE_FAMILY = "1,2";
			};
			name = Release;
		};
/* End XCBuildConfiguration section */

/* Begin XCConfigurationList section */
		671218FC2039E61100949A2A /* Build configuration list for PBXProject "Test App" */ = {
			isa = XCConfigurationList;
			buildConfigurations = (
				671219112039E61100949A2A /* Debug */,
				671219122039E61100949A2A /* Release */,
			);
			defaultConfigurationIsVisible = 0;
			defaultConfigurationName = Release;
		};
		67D770B4204EDA86001D7F59 /* Build configuration list for PBXNativeTarget "multi" */ = {
			isa = XCConfigurationList;
			buildConfigurations = (
				67D770B5204EDA86001D7F59 /* Debug */,
				67D770B6204EDA86001D7F59 /* Release */,
			);
			defaultConfigurationIsVisible = 0;
			defaultConfigurationName = Release;
		};
/* End XCConfigurationList section */
	};
	rootObject = 671218F92039E61100949A2A /* Project object */;
}
